NeoBundleLock YouCompleteMe e332cdb2a0c8599dead1d362b87bb9fb79c9a955
NeoBundleLock fonts a44abd0e742ad6e7fd8d8bc4c3cad5155c9f3a92
NeoBundleLock neobundle.vim 9c62a8fcf9eb42d3956c703943c99f06a63112e6
NeoBundleLock nerdtree 4428aba2a299cbd117c80e7d18068b2cbb222fff
NeoBundleLock syntastic fd54b6be9e1860cb868bd0436809b717f1233a20
NeoBundleLock vim-airline ea98b42a0d7ee7888bcdbb5235b1a704526db1cf
NeoBundleLock vim-airline-themes 020b843077f6b2b3b85070b08203babbffbfeaca
NeoBundleLock vim-colors-solarized 528a59f26d12278698bb946f8fb82a63711eec21
NeoBundleLock vim-fugitive aac85a268e89a6c8be79341e130ac90256fadbd6
